
Microsoft Visual Studio Solution File, Format Version 12.00
# Visual Studio Version 17
VisualStudioVersion = 17.14.36511.14 d17.14
MinimumVisualStudioVersion = 10.0.40219.1
Project("{FAE04EC0-301F-11D3-BF4B-00C04F79EFBC}") = "DBP_team", "DBP_team\DBP_team.csproj", "{51E2C54E-8D30-46CE-B6F8-DD5B09A9E788}"
EndProject
Global
	GlobalSection(SolutionConfigurationPlatforms) = preSolution
		Debug|Any CPU = Debug|Any CPU
		Release|Any CPU = Release|Any CPU
	EndGlobalSection
	GlobalSection(ProjectConfigurationPlatforms) = postSolution
		{51E2C54E-8D30-46CE-B6F8-DD5B09A9E788}.Debug|Any CPU.ActiveCfg = Debug|Any CPU
		{51E2C54E-8D30-46CE-B6F8-DD5B09A9E788}.Debug|Any CPU.Build.0 = Debug|Any CPU
		{51E2C54E-8D30-46CE-B6F8-DD5B09A9E788}.Release|Any CPU.ActiveCfg = Release|Any CPU
		{51E2C54E-8D30-46CE-B6F8-DD5B09A9E788}.Release|Any CPU.Build.0 = Release|Any CPU
	EndGlobalSection
	GlobalSection(SolutionProperties) = preSolution
		HideSolutionNode = FALSE
	EndGlobalSection
	GlobalSection(ExtensibilityGlobals) = postSolution
		SolutionGuid = {DAC3601D-CAC2-45B6-84B9-7D7F77FD946A}
	EndGlobalSection
EndGlobal
